{
  "pins" : [
    {
      "identity" : "folding-cell",
      "kind" : "remoteSourceControl",
      "location" : "https://github.com/Ramotion/folding-cell.git",
      "state" : {
        "revision" : "5cf01ed2b48eac4385a599e9f40f438655bf4147",
        "version" : "5.0.2"
      }
    }
  ],
  "version" : 2
}
